
Microsoft Visual Studio Solution File, Format Version 12.00
# Visual Studio Version 16
VisualStudioVersion = 16.0.30804.86
MinimumVisualStudioVersion = 10.0.40219.1
Project("{FAE04EC0-301F-11D3-BF4B-00C04F79EFBC}") = "NumSharpNeuralNetHelloWorld", "NumSharpNeuralNetHelloWorld.csproj", "{E76F3F94-E644-43AC-9823-225E51F20347}"
EndProject
Global
	GlobalSection(SolutionConfigurationPlatforms) = preSolution
		Debug|Any CPU = Debug|Any CPU
		Release|Any CPU = Release|Any CPU
	EndGlobalSection
	GlobalSection(ProjectConfigurationPlatforms) = postSolution
		{E76F3F94-E644-43AC-9823-225E51F20347}.Debug|Any CPU.ActiveCfg = Debug|Any CPU
		{E76F3F94-E644-43AC-9823-225E51F20347}.Debug|Any CPU.Build.0 = Debug|Any CPU
		{E76F3F94-E644-43AC-9823-225E51F20347}.Release|Any CPU.ActiveCfg = Release|Any CPU
		{E76F3F94-E644-43AC-9823-225E51F20347}.Release|Any CPU.Build.0 = Release|Any CPU
	EndGlobalSection
	GlobalSection(SolutionProperties) = preSolution
		HideSolutionNode = FALSE
	EndGlobalSection
	GlobalSection(ExtensibilityGlobals) = postSolution
		SolutionGuid = {52D293C3-DB0E-4410-8DD6-DFB2264848A2}
	EndGlobalSection
EndGlobal
